
Microsoft Visual Studio Solution File, Format Version 12.00
# Visual Studio Version 17
VisualStudioVersion = 17.14.36616.10 d17.14
MinimumVisualStudioVersion = 10.0.40219.1
Project("{FAE04EC0-301F-11D3-BF4B-00C04F79EFBC}") = "XoperoTask", "XoperoTask\XoperoTask.csproj", "{66C40446-0805-4828-8041-8902A59755C1}"
EndProject
Global
	GlobalSection(SolutionConfigurationPlatforms) = preSolution
		Debug|Any CPU = Debug|Any CPU
		Release|Any CPU = Release|Any CPU
	EndGlobalSection
	GlobalSection(ProjectConfigurationPlatforms) = postSolution
		{66C40446-0805-4828-8041-8902A59755C1}.Debug|Any CPU.ActiveCfg = Debug|Any CPU
		{66C40446-0805-4828-8041-8902A59755C1}.Debug|Any CPU.Build.0 = Debug|Any CPU
		{66C40446-0805-4828-8041-8902A59755C1}.Release|Any CPU.ActiveCfg = Release|Any CPU
		{66C40446-0805-4828-8041-8902A59755C1}.Release|Any CPU.Build.0 = Release|Any CPU
	EndGlobalSection
	GlobalSection(SolutionProperties) = preSolution
		HideSolutionNode = FALSE
	EndGlobalSection
	GlobalSection(ExtensibilityGlobals) = postSolution
		SolutionGuid = {91AFD8D6-9AB6-47D2-B1D1-26E623EA3B8B}
	EndGlobalSection
EndGlobal
